
Microsoft Visual Studio Solution File, Format Version 12.00
# Visual Studio 14
VisualStudioVersion = 14.0.25420.1
MinimumVisualStudioVersion = 10.0.40219.1
Project("{8BC9CEB8-8B4A-11D0-8D11-00A0C91BC942}") = "ConsoleApplication2", "ConsoleApplication2\ConsoleApplication2.vcxproj", "{DEA5A534-8681-44F5-A9A5-DA12685B15D0}"
EndProject
Global
	GlobalSection(SolutionConfigurationPlatforms) = preSolution
		Debug|x64 = Debug|x64
		Debug|x86 = Debug|x86
		Release|x64 = Release|x64
		Release|x86 = Release|x86
	EndGlobalSection
	GlobalSection(ProjectConfigurationPlatforms) = postSolution
		{DEA5A534-8681-44F5-A9A5-DA12685B15D0}.Debug|x64.ActiveCfg = Debug|x64
		{DEA5A534-8681-44F5-A9A5-DA12685B15D0}.Debug|x64.Build.0 = Debug|x64
		{DEA5A534-8681-44F5-A9A5-DA12685B15D0}.Debug|x86.ActiveCfg = Debug|Win32
		{DEA5A534-8681-44F5-A9A5-DA12685B15D0}.Debug|x86.Build.0 = Debug|Win32
		{DEA5A534-8681-44F5-A9A5-DA12685B15D0}.Release|x64.ActiveCfg = Release|x64
		{DEA5A534-8681-44F5-A9A5-DA12685B15D0}.Release|x64.Build.0 = Release|x64
		{DEA5A534-8681-44F5-A9A5-DA12685B15D0}.Release|x86.ActiveCfg = Release|Win32
		{DEA5A534-8681-44F5-A9A5-DA12685B15D0}.Release|x86.Build.0 = Release|Win32
	EndGlobalSection
	GlobalSection(SolutionProperties) = preSolution
		HideSolutionNode = FALSE
	EndGlobalSection
EndGlobal
